// !$*UTF8*$!
{
	archiveVersion = 1;
	classes = {
	};
	objectVersion = 50;
	objects = {

/* Begin PBXBuildFile section */
		C07B3C6026C4CFD100CBBAFC /* Response.swift in Sources */ = {isa = PBXBuildFile; fileRef = C07B3C5F26C4CFD100CBBAFC /* Response.swift */; };
		C0BD198126C608DB000E42FB /* VideoTableViewCell.swift in Sources */ = {isa = PBXBuildFile; fileRef = C0BD198026C608DB000E42FB /* VideoTableViewCell.swift */; };
		C0BD198426C60EA4000E42FB /* CacheManager.swift in Sources */ = {isa = PBXBuildFile; fileRef = C0BD198326C60EA4000E42FB /* CacheManager.swift */; };
		C0BD198726C61998000E42FB /* WebKit.framework in Frameworks */ = {isa = PBXBuildFile; fileRef = C0BD198626C61998000E42FB /* WebKit.framework */; };
		C0BD198B26C61A5A000E42FB /* DetailViewController.swift in Sources */ = {isa = PBXBuildFile; fileRef = C0BD198A26C61A5A000E42FB /* DetailViewController.swift */; };
		C0C3417C26C3B4F7008046CE /* Constants.swift in Sources */ = {isa = PBXBuildFile; fileRef = C0C3417B26C3B4F7008046CE /* Constants.swift */; };
		C0C3417E26C3BD3D008046CE /* Video.swift in Sources */ = {isa = PBXBuildFile; fileRef = C0C3417D26C3BD3D008046CE /* Video.swift */; };
		C0C3418026C3BD6E008046CE /* Model.swift in Sources */ = {isa = PBXBuildFile; fileRef = C0C3417F26C3BD6E008046CE /* Model.swift */; };
		C0EC4B7326C123C0000BDC47 /* AppDelegate.swift in Sources */ = {isa = PBXBuildFile; fileRef = C0EC4B7226C123C0000BDC47 /* AppDelegate.swift */; };
		C0EC4B7526C123C0000BDC47 /* SceneDelegate.swift in Sources */ = {isa = PBXBuildFile; fileRef = C0EC4B7426C123C0000BDC47 /* SceneDelegate.swift */; };
		C0EC4B7726C123C0000BDC47 /* ViewController.swift in Sources */ = {isa = PBXBuildFile; fileRef = C0EC4B7626C123C0000BDC47 /* ViewController.swift */; };
		C0EC4B7A26C123C0000BDC47 /* Main.storyboard in Resources */ = {isa = PBXBuildFile; fileRef = C0EC4B7826C123C0000BDC47 /* Main.storyboard */; };
		C0EC4B7C26C123C2000BDC47 /* Assets.xcassets in Resources */ = {isa = PBXBuildFile; fileRef = C0EC4B7B26C123C2000BDC47 /* Assets.xcassets */; };
		C0EC4B7F26C123C2000BDC47 /* LaunchScreen.storyboard in Resources */ = {isa = PBXBuildFile; fileRef = C0EC4B7D26C123C2000BDC47 /* LaunchScreen.storyboard */; };
/* End PBXBuildFile section */

/* Begin PBXFileReference section */
		C07B3C5F26C4CFD100CBBAFC /* Response.swift */ = {isa = PBXFileReference; lastKnownFileType = sourcecode.swift; path = Response.swift; sourceTree = "<group>"; };
		C0BD198026C608DB000E42FB /* VideoTableViewCell.swift */ = {isa = PBXFileReference; lastKnownFileType = sourcecode.swift; path = VideoTableViewCell.swift; sourceTree = "<group>"; };
		C0BD198326C60EA4000E42FB /* CacheManager.swift */ = {isa = PBXFileReference; lastKnownFileType = sourcecode.swift; path = CacheManager.swift; sourceTree = "<group>"; };
		C0BD198626C61998000E42FB /* WebKit.framework */ = {isa = PBXFileReference; lastKnownFileType = wrapper.framework; name = WebKit.framework; path = System/Library/Frameworks/WebKit.framework; sourceTree = SDKROOT; };
		C0BD198A26C61A5A000E42FB /* DetailViewController.swift */ = {isa = PBXFileReference; lastKnownFileType = sourcecode.swift; path = DetailViewController.swift; sourceTree = "<group>"; };
		C0C3417B26C3B4F7008046CE /* Constants.swift */ = {isa = PBXFileReference; lastKnownFileType = sourcecode.swift; path = Constants.swift; sourceTree = "<group>"; };
		C0C3417D26C3BD3D008046CE /* Video.swift */ = {isa = PBXFileReference; lastKnownFileType = sourcecode.swift; path = Video.swift; sourceTree = "<group>"; };
		C0C3417F26C3BD6E008046CE /* Model.swift */ = {isa = PBXFileReference; lastKnownFileType = sourcecode.swift; path = Model.swift; sourceTree = "<group>"; };
		C0EC4B6F26C123C0000BDC47 /* learn2.app */ = {isa = PBXFileReference; explicitFileType = wrapper.application; includeInIndex = 0; path = learn2.app; sourceTree = BUILT_PRODUCTS_DIR; };
		C0EC4B7226C123C0000BDC47 /* AppDelegate.swift */ = {isa = PBXFileReference; lastKnownFileType = sourcecode.swift; path = AppDelegate.swift; sourceTree = "<group>"; };
		C0EC4B7426C123C0000BDC47 /* SceneDelegate.swift */ = {isa = PBXFileReference; lastKnownFileType = sourcecode.swift; path = SceneDelegate.swift; sourceTree = "<group>"; };
		C0EC4B7626C123C0000BDC47 /* ViewController.swift */ = {isa = PBXFileReference; lastKnownFileType = sourcecode.swift; path = ViewController.swift; sourceTree = "<group>"; };
		C0EC4B7926C123C0000BDC47 /* Base */ = {isa = PBXFileReference; lastKnownFileType = file.storyboard; name = Base; path = Base.lproj/Main.storyboard; sourceTree = "<group>"; };
		C0EC4B7B26C123C2000BDC47 /* Assets.xcassets */ = {isa = PBXFileReference; lastKnownFileType = folder.assetcatalog; path = Assets.xcassets; sourceTree = "<group>"; };
		C0EC4B7E26C123C2000BDC47 /* Base */ = {isa = PBXFileReference; lastKnownFileType = file.storyboard; name = Base; path = Base.lproj/LaunchScreen.storyboard; sourceTree = "<group>"; };
		C0EC4B8026C123C2000BDC47 /* Info.plist */ = {isa = PBXFileReference; lastKnownFileType = text.plist.xml; path = Info.plist; sourceTree = "<group>"; };
/* End PBXFileReference section */

/* Begin PBXFrameworksBuildPhase section */
		C0EC4B6C26C123C0000BDC47 /* Frameworks */ = {
			isa = PBXFrameworksBuildPhase;
			buildActionMask = 2147483647;
			files = (
				C0BD198726C61998000E42FB /* WebKit.framework in Frameworks */,
			);
			runOnlyForDeploymentPostprocessing = 0;
		};
/* End PBXFrameworksBuildPhase section */

/* Begin PBXGroup section */
		C0BD197926C6073F000E42FB /* ViewControllers */ = {
			isa = PBXGroup;
			children = (
				C0EC4B7626C123C0000BDC47 /* ViewController.swift */,
				C0BD198A26C61A5A000E42FB /* DetailViewController.swift */,
			);
			path = ViewControllers;
			sourceTree = "<group>";
		};
		C0BD197A26C6074A000E42FB /* Views */ = {
			isa = PBXGroup;
			children = (
				C0BD198026C608DB000E42FB /* VideoTableViewCell.swift */,
			);
			path = Views;
			sourceTree = "<group>";
		};
		C0BD197B26C6074F000E42FB /* Models */ = {
			isa = PBXGroup;
			children = (
				C0C3417D26C3BD3D008046CE /* Video.swift */,
				C07B3C5F26C4CFD100CBBAFC /* Response.swift */,
				C0C3417F26C3BD6E008046CE /* Model.swift */,
			);
			path = Models;
			sourceTree = "<group>";
		};
		C0BD197C26C60756000E42FB /* Storyboards */ = {
			isa = PBXGroup;
			children = (
				C0EC4B7826C123C0000BDC47 /* Main.storyboard */,
				C0EC4B7D26C123C2000BDC47 /* LaunchScreen.storyboard */,
			);
			path = Storyboards;
			sourceTree = "<group>";
		};
		C0BD197D26C6075F000E42FB /* Helpers */ = {
			isa = PBXGroup;
			children = (
				C0C3417B26C3B4F7008046CE /* Constants.swift */,
				C0BD198326C60EA4000E42FB /* CacheManager.swift */,
			);
			path = Helpers;
			sourceTree = "<group>";
		};
		C0BD198526C61998000E42FB /* Frameworks */ = {
			isa = PBXGroup;
			children = (
				C0BD198626C61998000E42FB /* WebKit.framework */,
			);
			name = Frameworks;
			sourceTree = "<group>";
		};
		C0EC4B6626C123C0000BDC47 = {
			isa = PBXGroup;
			children = (
				C0EC4B7126C123C0000BDC47 /* learn2 */,
				C0EC4B7026C123C0000BDC47 /* Products */,
				C0BD198526C61998000E42FB /* Frameworks */,
			);
			sourceTree = "<group>";
		};
		C0EC4B7026C123C0000BDC47 /* Products */ = {
			isa = PBXGroup;
			children = (
				C0EC4B6F26C123C0000BDC47 /* learn2.app */,
			);
			name = Products;
			sourceTree = "<group>";
		};
		C0EC4B7126C123C0000BDC47 /* learn2 */ = {
			isa = PBXGroup;
			children = (
				C0EC4B7226C123C0000BDC47 /* AppDelegate.swift */,
				C0EC4B7426C123C0000BDC47 /* SceneDelegate.swift */,
				C0BD197D26C6075F000E42FB /* Helpers */,
				C0BD197C26C60756000E42FB /* Storyboards */,
				C0BD197B26C6074F000E42FB /* Models */,
				C0BD197A26C6074A000E42FB /* Views */,
				C0BD197926C6073F000E42FB /* ViewControllers */,
				C0EC4B7B26C123C2000BDC47 /* Assets.xcassets */,
				C0EC4B8026C123C2000BDC47 /* Info.plist */,
			);
			path = learn2;
			sourceTree = "<group>";
		};
/* End PBXGroup section */

/* Begin PBXNativeTarget section */
		C0EC4B6E26C123C0000BDC47 /* learn2 */ = {
			isa = PBXNativeTarget;
			buildConfigurationList = C0EC4B8326C123C2000BDC47 /* Build configuration list for PBXNativeTarget "learn2" */;
			buildPhases = (
				C0EC4B6B26C123C0000BDC47 /* Sources */,
				C0EC4B6C26C123C0000BDC47 /* Frameworks */,
				C0EC4B6D26C123C0000BDC47 /* Resources */,
			);
			buildRules = (
			);
			dependencies = (
			);
			name = learn2;
			productName = learn2;
			productReference = C0EC4B6F26C123C0000BDC47 /* learn2.app */;
			productType = "com.apple.product-type.application";
		};
/* End PBXNativeTarget section */

/* Begin PBXProject section */
		C0EC4B6726C123C0000BDC47 /* Project object */ = {
			isa = PBXProject;
			attributes = {
				LastSwiftUpdateCheck = 1250;
				LastUpgradeCheck = 1250;
				TargetAttributes = {
					C0EC4B6E26C123C0000BDC47 = {
						CreatedOnToolsVersion = 12.5.1;
					};
				};
			};
			buildConfigurationList = C0EC4B6A26C123C0000BDC47 /* Build configuration list for PBXProject "learn2" */;
			compatibilityVersion = "Xcode 9.3";
			developmentRegion = en;
			hasScannedForEncodings = 0;
			knownRegions = (
				en,
				Base,
			);
			mainGroup = C0EC4B6626C123C0000BDC47;
			productRefGroup = C0EC4B7026C123C0000BDC47 /* Products */;
			projectDirPath = "";
			projectRoot = "";
			targets = (
				C0EC4B6E26C123C0000BDC47 /* learn2 */,
			);
		};
/* End PBXProject section */

/* Begin PBXResourcesBuildPhase section */
		C0EC4B6D26C123C0000BDC47 /* Resources */ = {
			isa = PBXResourcesBuildPhase;
			buildActionMask = 2147483647;
			files = (
				C0EC4B7F26C123C2000BDC47 /* LaunchScreen.storyboard in Resources */,
				C0EC4B7C26C123C2000BDC47 /* Assets.xcassets in Resources */,
				C0EC4B7A26C123C0000BDC47 /* Main.storyboard in Resources */,
			);
			runOnlyForDeploymentPostprocessing = 0;
		};
/* End PBXResourcesBuildPhase section */

/* Begin PBXSourcesBuildPhase section */
		C0EC4B6B26C123C0000BDC47 /* Sources */ = {
			isa = PBXSourcesBuildPhase;
			buildActionMask = 2147483647;
			files = (
				C0EC4B7726C123C0000BDC47 /* ViewController.swift in Sources */,
				C0BD198426C60EA4000E42FB /* CacheManager.swift in Sources */,
				C0EC4B7326C123C0000BDC47 /* AppDelegate.swift in Sources */,
				C0EC4B7526C123C0000BDC47 /* SceneDelegate.swift in Sources */,
				C0C3418026C3BD6E008046CE /* Model.swift in Sources */,
				C0C3417C26C3B4F7008046CE /* Constants.swift in Sources */,
				C0BD198126C608DB000E42FB /* VideoTableViewCell.swift in Sources */,
				C0BD198B26C61A5A000E42FB /* DetailViewController.swift in Sources */,
				C0C3417E26C3BD3D008046CE /* Video.swift in Sources */,
				C07B3C6026C4CFD100CBBAFC /* Response.swift in Sources */,
			);
			runOnlyForDeploymentPostprocessing = 0;
		};
/* End PBXSourcesBuildPhase section */

/* Begin PBXVariantGroup section */
		C0EC4B7826C123C0000BDC47 /* Main.storyboard */ = {
			isa = PBXVariantGroup;
			children = (
				C0EC4B7926C123C0000BDC47 /* Base */,
			);
			name = Main.storyboard;
			sourceTree = "<group>";
		};
		C0EC4B7D26C123C2000BDC47 /* LaunchScreen.storyboard */ = {
			isa = PBXVariantGroup;
			children = (
				C0EC4B7E26C123C2000BDC47 /* Base */,
			);
			name = LaunchScreen.storyboard;
			sourceTree = "<group>";
		};
/* End PBXVariantGroup section */

/* Begin XCBuildConfiguration section */
		C0EC4B8126C123C2000BDC47 /* Debug */ = {
			isa = XCBuildConfiguration;
			buildSettings = {
				ALWAYS_SEARCH_USER_PATHS = NO;
				CLANG_ANALYZER_NONNULL = YES;
				CLANG_ANALYZER_NUMBER_OBJECT_CONVERSION = YES_AGGRESSIVE;
				CLANG_CXX_LANGUAGE_STANDARD = "gnu++14";
				CLANG_CXX_LIBRARY = "libc++";
				CLANG_ENABLE_MODULES = YES;
				CLANG_ENABLE_OBJC_ARC = YES;
				CLANG_ENABLE_OBJC_WEAK = YES;
				CLANG_WARN_BLOCK_CAPTURE_AUTORELEASING = YES;
				CLANG_WARN_BOOL_CONVERSION = YES;
				CLANG_WARN_COMMA = YES;
				CLANG_WARN_CONSTANT_CONVERSION = YES;
				CLANG_WARN_DEPRECATED_OBJC_IMPLEMENTATIONS = YES;
				CLANG_WARN_DIRECT_OBJC_ISA_USAGE = YES_ERROR;
				CLANG_WARN_DOCUMENTATION_COMMENTS = YES;
				CLANG_WARN_EMPTY_BODY = YES;
				CLANG_WARN_ENUM_CONVERSION = YES;
				CLANG_WARN_INFINITE_RECURSION = YES;
				CLANG_WARN_INT_CONVERSION = YES;
				CLANG_WARN_NON_LITERAL_NULL_CONVERSION = YES;
				CLANG_WARN_OBJC_IMPLICIT_RETAIN_SELF = YES;
				CLANG_WARN_OBJC_LITERAL_CONVERSION = YES;
				CLANG_WARN_OBJC_ROOT_CLASS = YES_ERROR;
				CLANG_WARN_QUOTED_INCLUDE_IN_FRAMEWORK_HEADER = YES;
				CLANG_WARN_RANGE_LOOP_ANALYSIS = YES;
				CLANG_WARN_STRICT_PROTOTYPES = YES;
				CLANG_WARN_SUSPICIOUS_MOVE = YES;
				CLANG_WARN_UNGUARDED_AVAILABILITY = YES_AGGRESSIVE;
				CLANG_WARN_UNREACHABLE_CODE = YES;
				CLANG_WARN__DUPLICATE_METHOD_MATCH = YES;
				COPY_PHASE_STRIP = NO;
				DEBUG_INFORMATION_FORMAT = dwarf;
				ENABLE_STRICT_OBJC_MSGSEND = YES;
				ENABLE_TESTABILITY = YES;
				GCC_C_LANGUAGE_STANDARD = gnu11;
				GCC_DYNAMIC_NO_PIC = NO;
				GCC_NO_COMMON_BLOCKS = YES;
				GCC_OPTIMIZATION_LEVEL = 0;
				GCC_PREPROCESSOR_DEFINITIONS = (
					"DEBUG=1",
					"$(inherited)",
				);
				GCC_WARN_64_TO_32_BIT_CONVERSION = YES;
				GCC_WARN_ABOUT_RETURN_TYPE = YES_ERROR;
				GCC_WARN_UNDECLARED_SELECTOR = YES;
				GCC_WARN_UNINITIALIZED_AUTOS = YES_AGGRESSIVE;
				GCC_WARN_UNUSED_FUNCTION = YES;
				GCC_WARN_UNUSED_VARIABLE = YES;
				IPHONEOS_DEPLOYMENT_TARGET = 14.5;
				MTL_ENABLE_DEBUG_INFO = INCLUDE_SOURCE;
				MTL_FAST_MATH = YES;
				ONLY_ACTIVE_ARCH = YES;
				SDKROOT = iphoneos;
				SWIFT_ACTIVE_COMPILATION_CONDITIONS = DEBUG;
				SWIFT_OPTIMIZATION_LEVEL = "-Onone";
			};
			name = Debug;
		};
		C0EC4B8226C123C2000BDC47 /* Release */ = {
			isa = XCBuildConfiguration;
			buildSettings = {
				ALWAYS_SEARCH_USER_PATHS = NO;
				CLANG_ANALYZER_NONNULL = YES;
				CLANG_ANALYZER_NUMBER_OBJECT_CONVERSION = YES_AGGRESSIVE;
				CLANG_CXX_LANGUAGE_STANDARD = "gnu++14";
				CLANG_CXX_LIBRARY = "libc++";
				CLANG_ENABLE_MODULES = YES;
				CLANG_ENABLE_OBJC_ARC = YES;
				CLANG_ENABLE_OBJC_WEAK = YES;
				CLANG_WARN_BLOCK_CAPTURE_AUTORELEASING = YES;
				CLANG_WARN_BOOL_CONVERSION = YES;
				CLANG_WARN_COMMA = YES;
				CLANG_WARN_CONSTANT_CONVERSION = YES;
				CLANG_WARN_DEPRECATED_OBJC_IMPLEMENTATIONS = YES;
				CLANG_WARN_DIRECT_OBJC_ISA_USAGE = YES_ERROR;
				CLANG_WARN_DOCUMENTATION_COMMENTS = YES;
				CLANG_WARN_EMPTY_BODY = YES;
				CLANG_WARN_ENUM_CONVERSION = YES;
				CLANG_WARN_INFINITE_RECURSION = YES;
				CLANG_WARN_INT_CONVERSION = YES;
				CLANG_WARN_NON_LITERAL_NULL_CONVERSION = YES;
				CLANG_WARN_OBJC_IMPLICIT_RETAIN_SELF = YES;
				CLANG_WARN_OBJC_LITERAL_CONVERSION = YES;
				CLANG_WARN_OBJC_ROOT_CLASS = YES_ERROR;
				CLANG_WARN_QUOTED_INCLUDE_IN_FRAMEWORK_HEADER = YES;
				CLANG_WARN_RANGE_LOOP_ANALYSIS = YES;
				CLANG_WARN_STRICT_PROTOTYPES = YES;
				CLANG_WARN_SUSPICIOUS_MOVE = YES;
				CLANG_WARN_UNGUARDED_AVAILABILITY = YES_AGGRESSIVE;
				CLANG_WARN_UNREACHABLE_CODE = YES;
				CLANG_WARN__DUPLICATE_METHOD_MATCH = YES;
				COPY_PHASE_STRIP = NO;
				DEBUG_INFORMATION_FORMAT = "dwarf-with-dsym";
				ENABLE_NS_ASSERTIONS = NO;
				ENABLE_STRICT_OBJC_MSGSEND = YES;
				GCC_C_LANGUAGE_STANDARD = gnu11;
				GCC_NO_COMMON_BLOCKS = YES;
				GCC_WARN_64_TO_32_BIT_CONVERSION = YES;
				GCC_WARN_ABOUT_RETURN_TYPE = YES_ERROR;
				GCC_WARN_UNDECLARED_SELECTOR = YES;
				GCC_WARN_UNINITIALIZED_AUTOS = YES_AGGRESSIVE;
				GCC_WARN_UNUSED_FUNCTION = YES;
				GCC_WARN_UNUSED_VARIABLE = YES;
				IPHONEOS_DEPLOYMENT_TARGET = 14.5;
				MTL_ENABLE_DEBUG_INFO = NO;
				MTL_FAST_MATH = YES;
				SDKROOT = iphoneos;
				SWIFT_COMPILATION_MODE = wholemodule;
				SWIFT_OPTIMIZATION_LEVEL = "-O";
				VALIDATE_PRODUCT = YES;
			};
			name = Release;
		};
		C0EC4B8426C123C2000BDC47 /* Debug */ = {
			isa = XCBuildConfiguration;
			buildSettings = {
				ASSETCATALOG_COMPILER_APPICON_NAME = AppIcon;
				ASSETCATALOG_COMPILER_GLOBAL_ACCENT_COLOR_NAME = AccentColor;
				CODE_SIGN_STYLE = Automatic;
				DEVELOPMENT_TEAM = 4UM2Z43XAA;
				INFOPLIST_FILE = learn2/Info.plist;
				LD_RUNPATH_SEARCH_PATHS = (
					"$(inherited)",
					"@executable_path/Frameworks",
				);
				PRODUCT_BUNDLE_IDENTIFIER = com.kira.learn2;
				PRODUCT_NAME = "$(TARGET_NAME)";
				SWIFT_VERSION = 5.0;
				TARGETED_DEVICE_FAMILY = "1,2";
			};
			name = Debug;
		};
		C0EC4B8526C123C2000BDC47 /* Release */ = {
			isa = XCBuildConfiguration;
			buildSettings = {
				ASSETCATALOG_COMPILER_APPICON_NAME = AppIcon;
				ASSETCATALOG_COMPILER_GLOBAL_ACCENT_COLOR_NAME = AccentColor;
				CODE_SIGN_STYLE = Automatic;
				DEVELOPMENT_TEAM = 4UM2Z43XAA;
				INFOPLIST_FILE = learn2/Info.plist;
				LD_RUNPATH_SEARCH_PATHS = (
					"$(inherited)",
					"@executable_path/Frameworks",
				);
				PRODUCT_BUNDLE_IDENTIFIER = com.kira.learn2;
				PRODUCT_NAME = "$(TARGET_NAME)";
				SWIFT_VERSION = 5.0;
				TARGETED_DEVICE_FAMILY = "1,2";
			};
			name = Release;
		};
/* End XCBuildConfiguration section */

/* Begin XCConfigurationList section */
		C0EC4B6A26C123C0000BDC47 /* Build configuration list for PBXProject "learn2" */ = {
			isa = XCConfigurationList;
			buildConfigurations = (
				C0EC4B8126C123C2000BDC47 /* Debug */,
				C0EC4B8226C123C2000BDC47 /* Release */,
			);
			defaultConfigurationIsVisible = 0;
			defaultConfigurationName = Release;
		};
		C0EC4B8326C123C2000BDC47 /* Build configuration list for PBXNativeTarget "learn2" */ = {
			isa = XCConfigurationList;
			buildConfigurations = (
				C0EC4B8426C123C2000BDC47 /* Debug */,
				C0EC4B8526C123C2000BDC47 /* Release */,
			);
			defaultConfigurationIsVisible = 0;
			defaultConfigurationName = Release;
		};
/* End XCConfigurationList section */
	};
	rootObject = C0EC4B6726C123C0000BDC47 /* Project object */;
}
